
Microsoft Visual Studio Solution File, Format Version 12.00
# Visual Studio 15
VisualStudioVersion = 15.0.28307.1231
MinimumVisualStudioVersion = 10.0.40219.1
Project("{8BC9CEB8-8B4A-11D0-8D11-00A0C91BC942}") = "Lab7_Client", "Lab7_Client\Lab7_Client.vcxproj", "{EBD565FE-2DC0-4C31-94AB-84FC228CAABB}"
EndProject
Global
	GlobalSection(SolutionConfigurationPlatforms) = preSolution
		Debug|x64 = Debug|x64
		Debug|x86 = Debug|x86
		Release|x64 = Release|x64
		Release|x86 = Release|x86
	EndGlobalSection
	GlobalSection(ProjectConfigurationPlatforms) = postSolution
		{EBD565FE-2DC0-4C31-94AB-84FC228CAABB}.Debug|x64.ActiveCfg = Debug|x64
		{EBD565FE-2DC0-4C31-94AB-84FC228CAABB}.Debug|x64.Build.0 = Debug|x64
		{EBD565FE-2DC0-4C31-94AB-84FC228CAABB}.Debug|x86.ActiveCfg = Debug|Win32
		{EBD565FE-2DC0-4C31-94AB-84FC228CAABB}.Debug|x86.Build.0 = Debug|Win32
		{EBD565FE-2DC0-4C31-94AB-84FC228CAABB}.Release|x64.ActiveCfg = Release|x64
		{EBD565FE-2DC0-4C31-94AB-84FC228CAABB}.Release|x64.Build.0 = Release|x64
		{EBD565FE-2DC0-4C31-94AB-84FC228CAABB}.Release|x86.ActiveCfg = Release|Win32
		{EBD565FE-2DC0-4C31-94AB-84FC228CAABB}.Release|x86.Build.0 = Release|Win32
	EndGlobalSection
	GlobalSection(SolutionProperties) = preSolution
		HideSolutionNode = FALSE
	EndGlobalSection
	GlobalSection(ExtensibilityGlobals) = postSolution
		SolutionGuid = {A9F0F00E-881A-4021-AE4E-2F6DD5F5BBE0}
	EndGlobalSection
EndGlobal
