
Microsoft Visual Studio Solution File, Format Version 12.00
# Visual Studio 15
VisualStudioVersion = 15.0.28307.1231
MinimumVisualStudioVersion = 10.0.40219.1
Project("{8BC9CEB8-8B4A-11D0-8D11-00A0C91BC942}") = "Lab7", "Lab7\Lab7.vcxproj", "{A2BEC0D4-C616-4AF0-AB8B-92453A07A986}"
EndProject
Global
	GlobalSection(SolutionConfigurationPlatforms) = preSolution
		Debug|x64 = Debug|x64
		Debug|x86 = Debug|x86
		Release|x64 = Release|x64
		Release|x86 = Release|x86
	EndGlobalSection
	GlobalSection(ProjectConfigurationPlatforms) = postSolution
		{A2BEC0D4-C616-4AF0-AB8B-92453A07A986}.Debug|x64.ActiveCfg = Debug|x64
		{A2BEC0D4-C616-4AF0-AB8B-92453A07A986}.Debug|x64.Build.0 = Debug|x64
		{A2BEC0D4-C616-4AF0-AB8B-92453A07A986}.Debug|x86.ActiveCfg = Debug|Win32
		{A2BEC0D4-C616-4AF0-AB8B-92453A07A986}.Debug|x86.Build.0 = Debug|Win32
		{A2BEC0D4-C616-4AF0-AB8B-92453A07A986}.Release|x64.ActiveCfg = Release|x64
		{A2BEC0D4-C616-4AF0-AB8B-92453A07A986}.Release|x64.Build.0 = Release|x64
		{A2BEC0D4-C616-4AF0-AB8B-92453A07A986}.Release|x86.ActiveCfg = Release|Win32
		{A2BEC0D4-C616-4AF0-AB8B-92453A07A986}.Release|x86.Build.0 = Release|Win32
	EndGlobalSection
	GlobalSection(SolutionProperties) = preSolution
		HideSolutionNode = FALSE
	EndGlobalSection
	GlobalSection(ExtensibilityGlobals) = postSolution
		SolutionGuid = {EB77A63D-602E-4269-AC12-8AAD4D7773FD}
	EndGlobalSection
EndGlobal
